// !$*UTF8*$!
{
	archiveVersion = 1;
	classes = {
	};
	objectVersion = 46;
	objects = {

/* Begin PBXBuildFile section */
		1C16AAC11CA1D39D00063DF1 /* Alamofire.framework in Frameworks */ = {isa = PBXBuildFile; fileRef = 1C16AAC01CA1D39D00063DF1 /* Alamofire.framework */; };
		1C16AAC21CA1D39D00063DF1 /* Alamofire.framework in Embed Frameworks */ = {isa = PBXBuildFile; fileRef = 1C16AAC01CA1D39D00063DF1 /* Alamofire.framework */; settings = {ATTRIBUTES = (CodeSignOnCopy, RemoveHeadersOnCopy, ); }; };
		1C21A9EA1C20B2EC00B4941E /* AppDelegate.swift in Sources */ = {isa = PBXBuildFile; fileRef = 1C21A9E91C20B2EC00B4941E /* AppDelegate.swift */; };
		1C21A9EC1C20B2EC00B4941E /* ViewController.swift in Sources */ = {isa = PBXBuildFile; fileRef = 1C21A9EB1C20B2EC00B4941E /* ViewController.swift */; };
		1C21A9EE1C20B2EC00B4941E /* Assets.xcassets in Resources */ = {isa = PBXBuildFile; fileRef = 1C21A9ED1C20B2EC00B4941E /* Assets.xcassets */; };
		1C21A9F11C20B2EC00B4941E /* Main.storyboard in Resources */ = {isa = PBXBuildFile; fileRef = 1C21A9EF1C20B2EC00B4941E /* Main.storyboard */; };
		1C21A9FF1C20B79000B4941E /* FUT16.swift in Sources */ = {isa = PBXBuildFile; fileRef = 1C21A9FE1C20B79000B4941E /* FUT16.swift */; };
		1C3E885D1CA1D05400F26431 /* SwiftyJSON.framework in Frameworks */ = {isa = PBXBuildFile; fileRef = 1CF6A73E1C236633009A9181 /* SwiftyJSON.framework */; };
		1C3E885E1CA1D05400F26431 /* SwiftyJSON.framework in Embed Frameworks */ = {isa = PBXBuildFile; fileRef = 1CF6A73E1C236633009A9181 /* SwiftyJSON.framework */; settings = {ATTRIBUTES = (CodeSignOnCopy, RemoveHeadersOnCopy, ); }; };
		1C6DBA991C52C15000ECE215 /* FUT16+Item.swift in Sources */ = {isa = PBXBuildFile; fileRef = 1C6DBA981C52C15000ECE215 /* FUT16+Item.swift */; };
		1C7ADE471C9658D8001A1167 /* Stats.swift in Sources */ = {isa = PBXBuildFile; fileRef = 1C7ADE451C9658D8001A1167 /* Stats.swift */; };
		1C7ADE4E1C965D09001A1167 /* Stats+CoreDataProperties.swift in Sources */ = {isa = PBXBuildFile; fileRef = 1C7ADE4D1C965D09001A1167 /* Stats+CoreDataProperties.swift */; };
		1C7DD6E61C73789100710B19 /* Settings.swift in Sources */ = {isa = PBXBuildFile; fileRef = 1C7DD6E51C73789100710B19 /* Settings.swift */; };
		1C8320C31C90BFED00F61D75 /* UserStats.swift in Sources */ = {isa = PBXBuildFile; fileRef = 1C8320C21C90BFED00F61D75 /* UserStats.swift */; };
		1C8320C51C90D27100F61D75 /* FutUser.swift in Sources */ = {isa = PBXBuildFile; fileRef = 1C8320C41C90D27100F61D75 /* FutUser.swift */; };
		1C84CF3C1C4D5ED900A4517D /* FUT16+Login.swift in Sources */ = {isa = PBXBuildFile; fileRef = 1C84CF3B1C4D5ED900A4517D /* FUT16+Login.swift */; };
		1CCB11201C483AD400DB43BA /* FUT16+SearchParams.swift in Sources */ = {isa = PBXBuildFile; fileRef = 1CCB111F1C483AD400DB43BA /* FUT16+SearchParams.swift */; };
		1CF6A73D1C2365D8009A9181 /* Cartfile in Resources */ = {isa = PBXBuildFile; fileRef = 1CF6A73C1C2365D8009A9181 /* Cartfile */; };
		1CF6A8101C237993009A9181 /* FUT16+Transport.swift in Sources */ = {isa = PBXBuildFile; fileRef = 1CF6A80F1C237993009A9181 /* FUT16+Transport.swift */; };
		1CF6A8121C246071009A9181 /* FUT16+AuctionSearch.swift in Sources */ = {isa = PBXBuildFile; fileRef = 1CF6A8111C246071009A9181 /* FUT16+AuctionSearch.swift */; };
		FF50D2201C274A2D003F1D02 /* FUT16+Bid.swift in Sources */ = {isa = PBXBuildFile; fileRef = FF50D21F1C274A2D003F1D02 /* FUT16+Bid.swift */; };
		FF50D2221C277775003F1D02 /* Utilities.swift in Sources */ = {isa = PBXBuildFile; fileRef = FF50D2211C277775003F1D02 /* Utilities.swift */; };
		FF50D2241C2780AE003F1D02 /* players.json in Resources */ = {isa = PBXBuildFile; fileRef = FF50D2231C2780AE003F1D02 /* players.json */; };
		FF50D2261C28AA05003F1D02 /* AutoTrader.swift in Sources */ = {isa = PBXBuildFile; fileRef = FF50D2251C28AA05003F1D02 /* AutoTrader.swift */; };
		FF68C8481C38B43B00A6D9E1 /* FUT16.xcdatamodeld in Sources */ = {isa = PBXBuildFile; fileRef = FF68C8461C38B43B00A6D9E1 /* FUT16.xcdatamodeld */; };
		FF68C85A1C38B8F000A6D9E1 /* Purchase+CoreDataProperties.swift in Sources */ = {isa = PBXBuildFile; fileRef = FF68C8561C38B8F000A6D9E1 /* Purchase+CoreDataProperties.swift */; };
		FF68C85B1C38B8F000A6D9E1 /* Purchase.swift in Sources */ = {isa = PBXBuildFile; fileRef = FF68C8571C38B8F000A6D9E1 /* Purchase.swift */; };
		FF68C85D1C38B8F000A6D9E1 /* Search.swift in Sources */ = {isa = PBXBuildFile; fileRef = FF68C8591C38B8F000A6D9E1 /* Search.swift */; };
		FF68C8761C38B98000A6D9E1 /* Transaction+CoreDataProperties.swift in Sources */ = {isa = PBXBuildFile; fileRef = FF68C8721C38B98000A6D9E1 /* Transaction+CoreDataProperties.swift */; };
		FF68C8771C38B98000A6D9E1 /* Transaction.swift in Sources */ = {isa = PBXBuildFile; fileRef = FF68C8731C38B98000A6D9E1 /* Transaction.swift */; };
		FF68C8791C38B98000A6D9E1 /* Search+CoreDataProperties.swift in Sources */ = {isa = PBXBuildFile; fileRef = FF68C8751C38B98000A6D9E1 /* Search+CoreDataProperties.swift */; };
		FFAC0AEC1C26656E00EE95FA /* md5_ea.c in Sources */ = {isa = PBXBuildFile; fileRef = FFAC0AEA1C26656E00EE95FA /* md5_ea.c */; };
		FFF6FF8B1C6BE316001DEA87 /* Log.swift in Sources */ = {isa = PBXBuildFile; fileRef = FFF6FF8A1C6BE316001DEA87 /* Log.swift */; };
/* End PBXBuildFile section */

/* Begin PBXCopyFilesBuildPhase section */
		1C3E885F1CA1D05400F26431 /* Embed Frameworks */ = {
			isa = PBXCopyFilesBuildPhase;
			buildActionMask = 2147483647;
			dstPath = "";
			dstSubfolderSpec = 10;
			files = (
				1C3E885E1CA1D05400F26431 /* SwiftyJSON.framework in Embed Frameworks */,
				1C16AAC21CA1D39D00063DF1 /* Alamofire.framework in Embed Frameworks */,
			);
			name = "Embed Frameworks";
			runOnlyForDeploymentPostprocessing = 0;
		};
/* End PBXCopyFilesBuildPhase section */

/* Begin PBXFileReference section */
		1C16AAC01CA1D39D00063DF1 /* Alamofire.framework */ = {isa = PBXFileReference; lastKnownFileType = wrapper.framework; name = Alamofire.framework; path = Carthage/Build/Mac/Alamofire.framework; sourceTree = "<group>"; };
		1C21A9E61C20B2EB00B4941E /* FUT16.app */ = {isa = PBXFileReference; explicitFileType = wrapper.application; includeInIndex = 0; path = FUT16.app; sourceTree = BUILT_PRODUCTS_DIR; };
		1C21A9E91C20B2EC00B4941E /* AppDelegate.swift */ = {isa = PBXFileReference; lastKnownFileType = sourcecode.swift; path = AppDelegate.swift; sourceTree = "<group>"; };
		1C21A9EB1C20B2EC00B4941E /* ViewController.swift */ = {isa = PBXFileReference; lastKnownFileType = sourcecode.swift; lineEnding = 0; path = ViewController.swift; sourceTree = "<group>"; xcLanguageSpecificationIdentifier = xcode.lang.swift; };
		1C21A9ED1C20B2EC00B4941E /* Assets.xcassets */ = {isa = PBXFileReference; lastKnownFileType = folder.assetcatalog; path = Assets.xcassets; sourceTree = "<group>"; };
		1C21A9F01C20B2EC00B4941E /* Base */ = {isa = PBXFileReference; lastKnownFileType = file.storyboard; name = Base; path = Base.lproj/Main.storyboard; sourceTree = "<group>"; };
		1C21A9F21C20B2EC00B4941E /* Info.plist */ = {isa = PBXFileReference; lastKnownFileType = text.plist.xml; path = Info.plist; sourceTree = "<group>"; };
		1C21A9FE1C20B79000B4941E /* FUT16.swift */ = {isa = PBXFileReference; fileEncoding = 4; lastKnownFileType = sourcecode.swift; lineEnding = 0; path = FUT16.swift; sourceTree = "<group>"; xcLanguageSpecificationIdentifier = xcode.lang.swift; };
		1C5F3D401C7B64C90055B5EE /* FUT 2.xcdatamodel */ = {isa = PBXFileReference; lastKnownFileType = wrapper.xcdatamodel; path = "FUT 2.xcdatamodel"; sourceTree = "<group>"; };
		1C6DBA981C52C15000ECE215 /* FUT16+Item.swift */ = {isa = PBXFileReference; fileEncoding = 4; lastKnownFileType = sourcecode.swift; lineEnding = 0; path = "FUT16+Item.swift"; sourceTree = "<group>"; xcLanguageSpecificationIdentifier = xcode.lang.swift; };
		1C7ADE3B1C965780001A1167 /* FUT 3.xcdatamodel */ = {isa = PBXFileReference; lastKnownFileType = wrapper.xcdatamodel; path = "FUT 3.xcdatamodel"; sourceTree = "<group>"; };
		1C7ADE451C9658D8001A1167 /* Stats.swift */ = {isa = PBXFileReference; fileEncoding = 4; lastKnownFileType = sourcecode.swift; path = Stats.swift; sourceTree = "<group>"; };
		1C7ADE4C1C965CA7001A1167 /* FUT 4.xcdatamodel */ = {isa = PBXFileReference; lastKnownFileType = wrapper.xcdatamodel; path = "FUT 4.xcdatamodel"; sourceTree = "<group>"; };
		1C7ADE4D1C965D09001A1167 /* Stats+CoreDataProperties.swift */ = {isa = PBXFileReference; fileEncoding = 4; lastKnownFileType = sourcecode.swift; path = "Stats+CoreDataProperties.swift"; sourceTree = "<group>"; };
		1C7DD6E51C73789100710B19 /* Settings.swift */ = {isa = PBXFileReference; fileEncoding = 4; lastKnownFileType = sourcecode.swift; path = Settings.swift; sourceTree = "<group>"; };
		1C8320C21C90BFED00F61D75 /* UserStats.swift */ = {isa = PBXFileReference; fileEncoding = 4; lastKnownFileType = sourcecode.swift; lineEnding = 0; path = UserStats.swift; sourceTree = "<group>"; xcLanguageSpecificationIdentifier = xcode.lang.swift; };
		1C8320C41C90D27100F61D75 /* FutUser.swift */ = {isa = PBXFileReference; fileEncoding = 4; lastKnownFileType = sourcecode.swift; lineEnding = 0; path = FutUser.swift; sourceTree = "<group>"; xcLanguageSpecificationIdentifier = xcode.lang.swift; };
		1C84CF3B1C4D5ED900A4517D /* FUT16+Login.swift */ = {isa = PBXFileReference; fileEncoding = 4; lastKnownFileType = sourcecode.swift; lineEnding = 0; path = "FUT16+Login.swift"; sourceTree = "<group>"; xcLanguageSpecificationIdentifier = xcode.lang.swift; };
		1CCB111F1C483AD400DB43BA /* FUT16+SearchParams.swift */ = {isa = PBXFileReference; fileEncoding = 4; lastKnownFileType = sourcecode.swift; path = "FUT16+SearchParams.swift"; sourceTree = "<group>"; };
		1CF6A73C1C2365D8009A9181 /* Cartfile */ = {isa = PBXFileReference; fileEncoding = 4; lastKnownFileType = text; path = Cartfile; sourceTree = SOURCE_ROOT; };
		1CF6A73E1C236633009A9181 /* SwiftyJSON.framework */ = {isa = PBXFileReference; lastKnownFileType = wrapper.framework; name = SwiftyJSON.framework; path = Carthage/Build/Mac/SwiftyJSON.framework; sourceTree = "<group>"; };
		1CF6A80F1C237993009A9181 /* FUT16+Transport.swift */ = {isa = PBXFileReference; fileEncoding = 4; lastKnownFileType = sourcecode.swift; lineEnding = 0; path = "FUT16+Transport.swift"; sourceTree = "<group>"; xcLanguageSpecificationIdentifier = xcode.lang.swift; };
		1CF6A8111C246071009A9181 /* FUT16+AuctionSearch.swift */ = {isa = PBXFileReference; fileEncoding = 4; lastKnownFileType = sourcecode.swift; lineEnding = 0; path = "FUT16+AuctionSearch.swift"; sourceTree = "<group>"; xcLanguageSpecificationIdentifier = xcode.lang.swift; };
		FF50D21F1C274A2D003F1D02 /* FUT16+Bid.swift */ = {isa = PBXFileReference; fileEncoding = 4; lastKnownFileType = sourcecode.swift; lineEnding = 0; path = "FUT16+Bid.swift"; sourceTree = "<group>"; xcLanguageSpecificationIdentifier = xcode.lang.swift; };
		FF50D2211C277775003F1D02 /* Utilities.swift */ = {isa = PBXFileReference; fileEncoding = 4; lastKnownFileType = sourcecode.swift; path = Utilities.swift; sourceTree = "<group>"; };
		FF50D2231C2780AE003F1D02 /* players.json */ = {isa = PBXFileReference; fileEncoding = 4; lastKnownFileType = text.json; path = players.json; sourceTree = "<group>"; };
		FF50D2251C28AA05003F1D02 /* AutoTrader.swift */ = {isa = PBXFileReference; fileEncoding = 4; lastKnownFileType = sourcecode.swift; lineEnding = 0; path = AutoTrader.swift; sourceTree = "<group>"; xcLanguageSpecificationIdentifier = xcode.lang.swift; };
		FF68C8471C38B43B00A6D9E1 /* FUT16.xcdatamodel */ = {isa = PBXFileReference; lastKnownFileType = wrapper.xcdatamodel; path = FUT16.xcdatamodel; sourceTree = "<group>"; };
		FF68C8561C38B8F000A6D9E1 /* Purchase+CoreDataProperties.swift */ = {isa = PBXFileReference; fileEncoding = 4; lastKnownFileType = sourcecode.swift; path = "Purchase+CoreDataProperties.swift"; sourceTree = "<group>"; };
		FF68C8571C38B8F000A6D9E1 /* Purchase.swift */ = {isa = PBXFileReference; fileEncoding = 4; lastKnownFileType = sourcecode.swift; path = Purchase.swift; sourceTree = "<group>"; };
		FF68C8591C38B8F000A6D9E1 /* Search.swift */ = {isa = PBXFileReference; fileEncoding = 4; lastKnownFileType = sourcecode.swift; path = Search.swift; sourceTree = "<group>"; };
		FF68C8721C38B98000A6D9E1 /* Transaction+CoreDataProperties.swift */ = {isa = PBXFileReference; fileEncoding = 4; lastKnownFileType = sourcecode.swift; path = "Transaction+CoreDataProperties.swift"; sourceTree = "<group>"; };
		FF68C8731C38B98000A6D9E1 /* Transaction.swift */ = {isa = PBXFileReference; fileEncoding = 4; lastKnownFileType = sourcecode.swift; lineEnding = 0; path = Transaction.swift; sourceTree = "<group>"; xcLanguageSpecificationIdentifier = xcode.lang.swift; };
		FF68C8751C38B98000A6D9E1 /* Search+CoreDataProperties.swift */ = {isa = PBXFileReference; fileEncoding = 4; lastKnownFileType = sourcecode.swift; path = "Search+CoreDataProperties.swift"; sourceTree = "<group>"; };
		FFAC0AE91C26656E00EE95FA /* FUT16-Bridging-Header.h */ = {isa = PBXFileReference; lastKnownFileType = sourcecode.c.h; path = "FUT16-Bridging-Header.h"; sourceTree = "<group>"; };
		FFAC0AEA1C26656E00EE95FA /* md5_ea.c */ = {isa = PBXFileReference; fileEncoding = 4; lastKnownFileType = sourcecode.c.c; path = md5_ea.c; sourceTree = "<group>"; };
		FFAC0AEB1C26656E00EE95FA /* md5_ea.h */ = {isa = PBXFileReference; fileEncoding = 4; lastKnownFileType = sourcecode.c.h; path = md5_ea.h; sourceTree = "<group>"; };
		FFF6FF8A1C6BE316001DEA87 /* Log.swift */ = {isa = PBXFileReference; fileEncoding = 4; lastKnownFileType = sourcecode.swift; lineEnding = 0; path = Log.swift; sourceTree = "<group>"; xcLanguageSpecificationIdentifier = xcode.lang.swift; };
/* End PBXFileReference section */

/* Begin PBXFrameworksBuildPhase section */
		1C21A9E31C20B2EB00B4941E /* Frameworks */ = {
			isa = PBXFrameworksBuildPhase;
			buildActionMask = 2147483647;
			files = (
				1C3E885D1CA1D05400F26431 /* SwiftyJSON.framework in Frameworks */,
				1C16AAC11CA1D39D00063DF1 /* Alamofire.framework in Frameworks */,
			);
			runOnlyForDeploymentPostprocessing = 0;
		};
/* End PBXFrameworksBuildPhase section */

/* Begin PBXGroup section */
		1C21A9DD1C20B2EB00B4941E = {
			isa = PBXGroup;
			children = (
				1C16AAC01CA1D39D00063DF1 /* Alamofire.framework */,
				1CF6A73E1C236633009A9181 /* SwiftyJSON.framework */,
				1C21A9E81C20B2EB00B4941E /* FUT16 */,
				1C21A9E71C20B2EB00B4941E /* Products */,
			);
			sourceTree = "<group>";
		};
		1C21A9E71C20B2EB00B4941E /* Products */ = {
			isa = PBXGroup;
			children = (
				1C21A9E61C20B2EB00B4941E /* FUT16.app */,
			);
			name = Products;
			sourceTree = "<group>";
		};
		1C21A9E81C20B2EB00B4941E /* FUT16 */ = {
			isa = PBXGroup;
			children = (
				1C21A9E91C20B2EC00B4941E /* AppDelegate.swift */,
				1C21A9FE1C20B79000B4941E /* FUT16.swift */,
				1C84CF3B1C4D5ED900A4517D /* FUT16+Login.swift */,
				1CF6A80F1C237993009A9181 /* FUT16+Transport.swift */,
				1CF6A8111C246071009A9181 /* FUT16+AuctionSearch.swift */,
				FF50D21F1C274A2D003F1D02 /* FUT16+Bid.swift */,
				1CCB111F1C483AD400DB43BA /* FUT16+SearchParams.swift */,
				1C6DBA981C52C15000ECE215 /* FUT16+Item.swift */,
				FF50D2251C28AA05003F1D02 /* AutoTrader.swift */,
				1C8320C21C90BFED00F61D75 /* UserStats.swift */,
				1C8320C41C90D27100F61D75 /* FutUser.swift */,
				1C7DD6E51C73789100710B19 /* Settings.swift */,
				FF50D2211C277775003F1D02 /* Utilities.swift */,
				1C21A9EB1C20B2EC00B4941E /* ViewController.swift */,
				FFF6FF8A1C6BE316001DEA87 /* Log.swift */,
				1C21A9EF1C20B2EC00B4941E /* Main.storyboard */,
				FF68C8551C38B88400A6D9E1 /* CoreData */,
				FF50D21A1C274194003F1D02 /* Supporting Files */,
			);
			path = FUT16;
			sourceTree = "<group>";
		};
		FF50D21A1C274194003F1D02 /* Supporting Files */ = {
			isa = PBXGroup;
			children = (
				FF50D2231C2780AE003F1D02 /* players.json */,
				FFAC0AEA1C26656E00EE95FA /* md5_ea.c */,
				FFAC0AEB1C26656E00EE95FA /* md5_ea.h */,
				FFAC0AE91C26656E00EE95FA /* FUT16-Bridging-Header.h */,
				1C21A9ED1C20B2EC00B4941E /* Assets.xcassets */,
				1C21A9F21C20B2EC00B4941E /* Info.plist */,
				1CF6A73C1C2365D8009A9181 /* Cartfile */,
			);
			name = "Supporting Files";
			sourceTree = "<group>";
		};
		FF68C8551C38B88400A6D9E1 /* CoreData */ = {
			isa = PBXGroup;
			children = (
				FF68C8721C38B98000A6D9E1 /* Transaction+CoreDataProperties.swift */,
				FF68C8731C38B98000A6D9E1 /* Transaction.swift */,
				FF68C8561C38B8F000A6D9E1 /* Purchase+CoreDataProperties.swift */,
				FF68C8571C38B8F000A6D9E1 /* Purchase.swift */,
				FF68C8751C38B98000A6D9E1 /* Search+CoreDataProperties.swift */,
				FF68C8591C38B8F000A6D9E1 /* Search.swift */,
				1C7ADE4D1C965D09001A1167 /* Stats+CoreDataProperties.swift */,
				1C7ADE451C9658D8001A1167 /* Stats.swift */,
				FF68C8461C38B43B00A6D9E1 /* FUT16.xcdatamodeld */,
			);
			name = CoreData;
			sourceTree = "<group>";
		};
/* End PBXGroup section */

/* Begin PBXNativeTarget section */
		1C21A9E51C20B2EB00B4941E /* FUT16 */ = {
			isa = PBXNativeTarget;
			buildConfigurationList = 1C21A9F51C20B2EC00B4941E /* Build configuration list for PBXNativeTarget "FUT16" */;
			buildPhases = (
				1C21A9E21C20B2EB00B4941E /* Sources */,
				1C21A9E31C20B2EB00B4941E /* Frameworks */,
				1C21A9E41C20B2EB00B4941E /* Resources */,
				1C3E885F1CA1D05400F26431 /* Embed Frameworks */,
			);
			buildRules = (
			);
			dependencies = (
			);
			name = FUT16;
			productName = FUT16;
			productReference = 1C21A9E61C20B2EB00B4941E /* FUT16.app */;
			productType = "com.apple.product-type.application";
		};
/* End PBXNativeTarget section */

/* Begin PBXProject section */
		1C21A9DE1C20B2EB00B4941E /* Project object */ = {
			isa = PBXProject;
			attributes = {
				LastSwiftUpdateCheck = 0720;
				LastUpgradeCheck = 0720;
				ORGANIZATIONNAME = Kon;
				TargetAttributes = {
					1C21A9E51C20B2EB00B4941E = {
						CreatedOnToolsVersion = 7.2;
					};
				};
			};
			buildConfigurationList = 1C21A9E11C20B2EB00B4941E /* Build configuration list for PBXProject "FUT16" */;
			compatibilityVersion = "Xcode 3.2";
			developmentRegion = English;
			hasScannedForEncodings = 0;
			knownRegions = (
				en,
				Base,
			);
			mainGroup = 1C21A9DD1C20B2EB00B4941E;
			productRefGroup = 1C21A9E71C20B2EB00B4941E /* Products */;
			projectDirPath = "";
			projectRoot = "";
			targets = (
				1C21A9E51C20B2EB00B4941E /* FUT16 */,
			);
		};
/* End PBXProject section */

/* Begin PBXResourcesBuildPhase section */
		1C21A9E41C20B2EB00B4941E /* Resources */ = {
			isa = PBXResourcesBuildPhase;
			buildActionMask = 2147483647;
			files = (
				1CF6A73D1C2365D8009A9181 /* Cartfile in Resources */,
				1C21A9EE1C20B2EC00B4941E /* Assets.xcassets in Resources */,
				1C21A9F11C20B2EC00B4941E /* Main.storyboard in Resources */,
				FF50D2241C2780AE003F1D02 /* players.json in Resources */,
			);
			runOnlyForDeploymentPostprocessing = 0;
		};
/* End PBXResourcesBuildPhase section */

/* Begin PBXSourcesBuildPhase section */
		1C21A9E21C20B2EB00B4941E /* Sources */ = {
			isa = PBXSourcesBuildPhase;
			buildActionMask = 2147483647;
			files = (
				FF50D2201C274A2D003F1D02 /* FUT16+Bid.swift in Sources */,
				1C8320C31C90BFED00F61D75 /* UserStats.swift in Sources */,
				FF68C8481C38B43B00A6D9E1 /* FUT16.xcdatamodeld in Sources */,
				FFF6FF8B1C6BE316001DEA87 /* Log.swift in Sources */,
				FF68C8771C38B98000A6D9E1 /* Transaction.swift in Sources */,
				FF68C85A1C38B8F000A6D9E1 /* Purchase+CoreDataProperties.swift in Sources */,
				FF50D2261C28AA05003F1D02 /* AutoTrader.swift in Sources */,
				FF68C8761C38B98000A6D9E1 /* Transaction+CoreDataProperties.swift in Sources */,
				FFAC0AEC1C26656E00EE95FA /* md5_ea.c in Sources */,
				1C21A9FF1C20B79000B4941E /* FUT16.swift in Sources */,
				1CF6A8121C246071009A9181 /* FUT16+AuctionSearch.swift in Sources */,
				1C21A9EC1C20B2EC00B4941E /* ViewController.swift in Sources */,
				1C6DBA991C52C15000ECE215 /* FUT16+Item.swift in Sources */,
				1CCB11201C483AD400DB43BA /* FUT16+SearchParams.swift in Sources */,
				FF68C85B1C38B8F000A6D9E1 /* Purchase.swift in Sources */,
				1CF6A8101C237993009A9181 /* FUT16+Transport.swift in Sources */,
				FF68C8791C38B98000A6D9E1 /* Search+CoreDataProperties.swift in Sources */,
				1C84CF3C1C4D5ED900A4517D /* FUT16+Login.swift in Sources */,
				1C8320C51C90D27100F61D75 /* FutUser.swift in Sources */,
				FF50D2221C277775003F1D02 /* Utilities.swift in Sources */,
				1C7ADE4E1C965D09001A1167 /* Stats+CoreDataProperties.swift in Sources */,
				1C7ADE471C9658D8001A1167 /* Stats.swift in Sources */,
				1C7DD6E61C73789100710B19 /* Settings.swift in Sources */,
				1C21A9EA1C20B2EC00B4941E /* AppDelegate.swift in Sources */,
				FF68C85D1C38B8F000A6D9E1 /* Search.swift in Sources */,
			);
			runOnlyForDeploymentPostprocessing = 0;
		};
/* End PBXSourcesBuildPhase section */

/* Begin PBXVariantGroup section */
		1C21A9EF1C20B2EC00B4941E /* Main.storyboard */ = {
			isa = PBXVariantGroup;
			children = (
				1C21A9F01C20B2EC00B4941E /* Base */,
			);
			name = Main.storyboard;
			sourceTree = "<group>";
		};
/* End PBXVariantGroup section */

/* Begin XCBuildConfiguration section */
		1C21A9F31C20B2EC00B4941E /* Debug */ = {
			isa = XCBuildConfiguration;
			buildSettings = {
				ALWAYS_SEARCH_USER_PATHS = NO;
				CLANG_CXX_LANGUAGE_STANDARD = "gnu++0x";
				CLANG_CXX_LIBRARY = "libc++";
				CLANG_ENABLE_MODULES = YES;
				CLANG_ENABLE_OBJC_ARC = YES;
				CLANG_WARN_BOOL_CONVERSION = YES;
				CLANG_WARN_CONSTANT_CONVERSION = YES;
				CLANG_WARN_DIRECT_OBJC_ISA_USAGE = YES_ERROR;
				CLANG_WARN_EMPTY_BODY = YES;
				CLANG_WARN_ENUM_CONVERSION = YES;
				CLANG_WARN_INT_CONVERSION = YES;
				CLANG_WARN_OBJC_ROOT_CLASS = YES_ERROR;
				CLANG_WARN_UNREACHABLE_CODE = YES;
				CLANG_WARN__DUPLICATE_METHOD_MATCH = YES;
				CODE_SIGN_IDENTITY = "-";
				COPY_PHASE_STRIP = NO;
				DEBUG_INFORMATION_FORMAT = dwarf;
				ENABLE_STRICT_OBJC_MSGSEND = YES;
				ENABLE_TESTABILITY = YES;
				GCC_C_LANGUAGE_STANDARD = gnu99;
				GCC_DYNAMIC_NO_PIC = NO;
				GCC_NO_COMMON_BLOCKS = YES;
				GCC_OPTIMIZATION_LEVEL = 0;
				GCC_PREPROCESSOR_DEFINITIONS = (
					"DEBUG=1",
					"$(inherited)",
				);
				GCC_WARN_64_TO_32_BIT_CONVERSION = YES;
				GCC_WARN_ABOUT_RETURN_TYPE = YES_ERROR;
				GCC_WARN_UNDECLARED_SELECTOR = YES;
				GCC_WARN_UNINITIALIZED_AUTOS = YES_AGGRESSIVE;
				GCC_WARN_UNUSED_FUNCTION = YES;
				GCC_WARN_UNUSED_VARIABLE = YES;
				MACOSX_DEPLOYMENT_TARGET = 10.11;
				MTL_ENABLE_DEBUG_INFO = YES;
				ONLY_ACTIVE_ARCH = YES;
				SDKROOT = macosx;
				SWIFT_OPTIMIZATION_LEVEL = "-Onone";
			};
			name = Debug;
		};
		1C21A9F41C20B2EC00B4941E /* Release */ = {
			isa = XCBuildConfiguration;
			buildSettings = {
				ALWAYS_SEARCH_USER_PATHS = NO;
				CLANG_CXX_LANGUAGE_STANDARD = "gnu++0x";
				CLANG_CXX_LIBRARY = "libc++";
				CLANG_ENABLE_MODULES = YES;
				CLANG_ENABLE_OBJC_ARC = YES;
				CLANG_WARN_BOOL_CONVERSION = YES;
				CLANG_WARN_CONSTANT_CONVERSION = YES;
				CLANG_WARN_DIRECT_OBJC_ISA_USAGE = YES_ERROR;
				CLANG_WARN_EMPTY_BODY = YES;
				CLANG_WARN_ENUM_CONVERSION = YES;
				CLANG_WARN_INT_CONVERSION = YES;
				CLANG_WARN_OBJC_ROOT_CLASS = YES_ERROR;
				CLANG_WARN_UNREACHABLE_CODE = YES;
				CLANG_WARN__DUPLICATE_METHOD_MATCH = YES;
				CODE_SIGN_IDENTITY = "-";
				COPY_PHASE_STRIP = NO;
				DEBUG_INFORMATION_FORMAT = "dwarf-with-dsym";
				ENABLE_NS_ASSERTIONS = NO;
				ENABLE_STRICT_OBJC_MSGSEND = YES;
				GCC_C_LANGUAGE_STANDARD = gnu99;
				GCC_NO_COMMON_BLOCKS = YES;
				GCC_WARN_64_TO_32_BIT_CONVERSION = YES;
				GCC_WARN_ABOUT_RETURN_TYPE = YES_ERROR;
				GCC_WARN_UNDECLARED_SELECTOR = YES;
				GCC_WARN_UNINITIALIZED_AUTOS = YES_AGGRESSIVE;
				GCC_WARN_UNUSED_FUNCTION = YES;
				GCC_WARN_UNUSED_VARIABLE = YES;
				MACOSX_DEPLOYMENT_TARGET = 10.11;
				MTL_ENABLE_DEBUG_INFO = NO;
				SDKROOT = macosx;
			};
			name = Release;
		};
		1C21A9F61C20B2EC00B4941E /* Debug */ = {
			isa = XCBuildConfiguration;
			buildSettings = {
				ASSETCATALOG_COMPILER_APPICON_NAME = AppIcon;
				CLANG_ENABLE_MODULES = YES;
				COMBINE_HIDPI_IMAGES = YES;
				FRAMEWORK_SEARCH_PATHS = (
					"$(inherited)",
					"$(PROJECT_DIR)/Carthage/Build/Mac",
					"$(PROJECT_DIR)/Carthage/Checkouts/Alamofire/Carthage/Build/Mac",
				);
				INFOPLIST_FILE = FUT16/Info.plist;
				LD_RUNPATH_SEARCH_PATHS = "$(inherited) @executable_path/../Frameworks";
				PRODUCT_BUNDLE_IDENTIFIER = net.kon.FUT16;
				PRODUCT_NAME = "$(TARGET_NAME)";
				SWIFT_OBJC_BRIDGING_HEADER = "FUT16/FUT16-Bridging-Header.h";
				SWIFT_OPTIMIZATION_LEVEL = "-Onone";
			};
			name = Debug;
		};
		1C21A9F71C20B2EC00B4941E /* Release */ = {
			isa = XCBuildConfiguration;
			buildSettings = {
				ASSETCATALOG_COMPILER_APPICON_NAME = AppIcon;
				CLANG_ENABLE_MODULES = YES;
				COMBINE_HIDPI_IMAGES = YES;
				FRAMEWORK_SEARCH_PATHS = (
					"$(inherited)",
					"$(PROJECT_DIR)/Carthage/Build/Mac",
					"$(PROJECT_DIR)/Carthage/Checkouts/Alamofire/Carthage/Build/Mac",
				);
				INFOPLIST_FILE = FUT16/Info.plist;
				LD_RUNPATH_SEARCH_PATHS = "$(inherited) @executable_path/../Frameworks";
				PRODUCT_BUNDLE_IDENTIFIER = net.kon.FUT16;
				PRODUCT_NAME = "$(TARGET_NAME)";
				SWIFT_OBJC_BRIDGING_HEADER = "FUT16/FUT16-Bridging-Header.h";
			};
			name = Release;
		};
/* End XCBuildConfiguration section */

/* Begin XCConfigurationList section */
		1C21A9E11C20B2EB00B4941E /* Build configuration list for PBXProject "FUT16" */ = {
			isa = XCConfigurationList;
			buildConfigurations = (
				1C21A9F31C20B2EC00B4941E /* Debug */,
				1C21A9F41C20B2EC00B4941E /* Release */,
			);
			defaultConfigurationIsVisible = 0;
			defaultConfigurationName = Release;
		};
		1C21A9F51C20B2EC00B4941E /* Build configuration list for PBXNativeTarget "FUT16" */ = {
			isa = XCConfigurationList;
			buildConfigurations = (
				1C21A9F61C20B2EC00B4941E /* Debug */,
				1C21A9F71C20B2EC00B4941E /* Release */,
			);
			defaultConfigurationIsVisible = 0;
			defaultConfigurationName = Release;
		};
/* End XCConfigurationList section */

/* Begin XCVersionGroup section */
		FF68C8461C38B43B00A6D9E1 /* FUT16.xcdatamodeld */ = {
			isa = XCVersionGroup;
			children = (
				1C7ADE4C1C965CA7001A1167 /* FUT 4.xcdatamodel */,
				1C7ADE3B1C965780001A1167 /* FUT 3.xcdatamodel */,
				1C5F3D401C7B64C90055B5EE /* FUT 2.xcdatamodel */,
				FF68C8471C38B43B00A6D9E1 /* FUT16.xcdatamodel */,
			);
			currentVersion = 1C7ADE4C1C965CA7001A1167 /* FUT 4.xcdatamodel */;
			path = FUT16.xcdatamodeld;
			sourceTree = "<group>";
			versionGroupType = wrapper.xcdatamodel;
		};
/* End XCVersionGroup section */
	};
	rootObject = 1C21A9DE1C20B2EB00B4941E /* Project object */;
}
